{
  "name": "anquanjiaoyu_uniapp",
  "version": "1.0.0",
  "lockfileVersion": 2,
  "requires": true,
  "packages": {
    "": {
      "name": "anquanjiaoyu_uniapp",
      "version": "1.0.0",
      "license": "ISC",
      "dependencies": {
        "@riophae/vue-treeselect": "^0.4.0",
        "@vant/weapp": "^1.8.2",
        "axios": "^0.21.4",
        "eval5": "^1.4.6",
        "moment": "^2.29.1",
        "uview-ui": "^1.8.4",
        "vant": "^3.2.0"
      }
    },
    "node_modules/@babel/runtime": {
      "version": "7.14.8",
      "resolved": "https://registry.nlark.com/@babel/runtime/download/@babel/runtime-7.14.8.tgz",
      "integrity": "sha1-cRmlb0IQGIUmlCkLn5FICXORtEY=",
      "dependencies": {
        "regenerator-runtime": "^0.13.4"
      },
      "engines": {
        "node": ">=6.9.0"
      }
    },
    "node_modules/@popperjs/core": {
      "version": "2.9.3",
      "resolved": "https://registry.npmjs.org/@popperjs/core/-/core-2.9.3.tgz",
      "integrity": "sha512-xDu17cEfh7Kid/d95kB6tZsLOmSWKCZKtprnhVepjsSaCij+lM3mItSJDuuHDMbCWTh8Ejmebwb+KONcCJ0eXQ==",
      "funding": {
        "type": "opencollective",
        "url": "https://opencollective.com/popperjs"
      }
    },
    "node_modules/@riophae/vue-treeselect": {
      "version": "0.4.0",
      "resolved": "https://registry.npmjs.org/@riophae/vue-treeselect/-/vue-treeselect-0.4.0.tgz",
      "integrity": "sha512-J4atYmBqXQmiPFK/0B5sXKjtnGc21mBJEiyKIDZwk0Q9XuynVFX6IJ4EpaLmUgL5Tve7HAS7wkiGGSti6Uaxcg==",
      "dependencies": {
        "@babel/runtime": "^7.3.1",
        "babel-helper-vue-jsx-merge-props": "^2.0.3",
        "easings-css": "^1.0.0",
        "fuzzysearch": "^1.0.3",
        "is-promise": "^2.1.0",
        "lodash": "^4.0.0",
        "material-colors": "^1.2.6",
        "watch-size": "^2.0.0"
      },
      "peerDependencies": {
        "vue": "^2.2.0"
      }
    },
    "node_modules/@types/acorn": {
      "version": "4.0.6",
      "resolved": "https://registry.nlark.com/@types/acorn/download/@types/acorn-4.0.6.tgz",
      "integrity": "sha1-1hylSAMArEGn2XPdW4TQpZEVSiI=",
      "dependencies": {
        "@types/estree": "*"
      }
    },
    "node_modules/@types/estree": {
      "version": "0.0.41",
      "resolved": "https://registry.nlark.com/@types/estree/download/@types/estree-0.0.41.tgz",
      "integrity": "sha1-/ZB1QVC1dDK3K/VgUwUAWX/wRCE="
    },
    "node_modules/@vant/icons": {
      "version": "1.7.0",
      "resolved": "https://registry.npmjs.org/@vant/icons/-/icons-1.7.0.tgz",
      "integrity": "sha512-sqKvtYcSgSd6+AU1nBPaZARn2Nzf8hi0ErLhfXVR6f+Y7R0gojGZVoxuB83yUI6+0LwbitW5IfN3E6qzEsu21Q=="
    },
    "node_modules/@vant/lazyload": {
      "version": "1.2.0",
      "resolved": "https://registry.npmjs.org/@vant/lazyload/-/lazyload-1.2.0.tgz",
      "integrity": "sha512-QsqNm8nNat4z9TdrTI4YkDXZXgg3dbGhHf7tC4mhel+gJ0u2WZcoMYKWkzQXvO+vo395cByT5iUE5a72360B2Q=="
    },
    "node_modules/@vant/popperjs": {
      "version": "1.1.0",
      "resolved": "https://registry.npmjs.org/@vant/popperjs/-/popperjs-1.1.0.tgz",
      "integrity": "sha512-8MD1gz146awV/uPxYjz4pet22f7a9YVKqk7T+gFkWFwT9mEcrIUEg/xPrdOnWKLP9puXyYtm7oVfSDSefZ/p/w==",
      "dependencies": {
        "@popperjs/core": "^2.9.2"
      }
    },
    "node_modules/@vant/use": {
      "version": "1.3.0",
      "resolved": "https://registry.npmjs.org/@vant/use/-/use-1.3.0.tgz",
      "integrity": "sha512-VJ9/4i7Ta4HKoM1ytf/r2EW/A/PzEHjqMM2eJW8cf8+SMfe1bnusREFYNpIcWgNHsfJrL24oEH174kVHDHrBBA=="
    },
    "node_modules/@vant/weapp": {
      "version": "1.8.2",
      "resolved": "https://registry.npmjs.org/@vant/weapp/-/weapp-1.8.2.tgz",
      "integrity": "sha512-1+2rMC2ql+Ueeeb3DhsBNVjmNyEp3wBIXhTn5ALMu5exJouCSe8ilIv8koU8HRT0PN0rZlhYAo6BxpYfDYV/dw=="
    },
    "node_modules/acorn": {
      "version": "7.4.1",
      "resolved": "https://registry.nlark.com/acorn/download/acorn-7.4.1.tgz",
      "integrity": "sha1-/q7SVZc9LndVW4PbwIhRpsY1IPo=",
      "bin": {
        "acorn": "bin/acorn"
      },
      "engines": {
        "node": ">=0.4.0"
      }
    },
    "node_modules/axios": {
      "version": "0.21.4",
      "resolved": "https://registry.npmjs.org/axios/-/axios-0.21.4.tgz",
      "integrity": "sha512-ut5vewkiu8jjGBdqpM44XxjuCjq9LAKeHVmoVfHVzy8eHgxxq8SbAVQNovDA8mVi05kP0Ea/n/UzcSHcTJQfNg==",
      "dependencies": {
        "follow-redirects": "^1.14.0"
      }
    },
    "node_modules/babel-helper-vue-jsx-merge-props": {
      "version": "2.0.3",
      "resolved": "https://registry.npmjs.org/babel-helper-vue-jsx-merge-props/-/babel-helper-vue-jsx-merge-props-2.0.3.tgz",
      "integrity": "sha512-gsLiKK7Qrb7zYJNgiXKpXblxbV5ffSwR0f5whkPAaBAR4fhi6bwRZxX9wBlIc5M/v8CCkXUbXZL4N/nSE97cqg=="
    },
    "node_modules/easings-css": {
      "version": "1.0.0",
      "resolved": "https://registry.npmjs.org/easings-css/-/easings-css-1.0.0.tgz",
      "integrity": "sha512-7Uq7NdazNfVtr0RNmPAys8it0zKCuaqxJStYKEl72D3j4gbvXhhaM7iWNbqhA4C94ygCye6VuyhzBRQC4szeBg=="
    },
    "node_modules/eval5": {
      "version": "1.4.6",
      "resolved": "https://registry.nlark.com/eval5/download/eval5-1.4.6.tgz",
      "integrity": "sha1-2Uu5ELfFKq+kH1TMYEemlqkKsGU=",
      "dependencies": {
        "@babel/runtime": "^7.8.4",
        "@types/acorn": "^4.0.5",
        "@types/estree": "0.0.41",
        "acorn": "^7.1.0"
      }
    },
    "node_modules/follow-redirects": {
      "version": "1.14.9",
      "resolved": "https://registry.npmmirror.com/follow-redirects/-/follow-redirects-1.14.9.tgz",
      "integrity": "sha512-MQDfihBQYMcyy5dhRDJUHcw7lb2Pv/TuE6xP1vyraLukNDHKbDxDNaOE3NbCAdKQApno+GPRyo1YAp89yCjK4w==",
      "funding": [
        {
          "type": "individual",
          "url": "https://github.com/sponsors/RubenVerborgh"
        }
      ],
      "engines": {
        "node": ">=4.0"
      },
      "peerDependenciesMeta": {
        "debug": {
          "optional": true
        }
      }
    },
    "node_modules/fuzzysearch": {
      "version": "1.0.3",
      "resolved": "https://registry.npmjs.org/fuzzysearch/-/fuzzysearch-1.0.3.tgz",
      "integrity": "sha1-3/yA9tawQiPyImqnndGUIxCW0Ag="
    },
    "node_modules/is-promise": {
      "version": "2.2.2",
      "resolved": "https://registry.npmjs.org/is-promise/-/is-promise-2.2.2.tgz",
      "integrity": "sha512-+lP4/6lKUBfQjZ2pdxThZvLUAafmZb8OAxFb8XXtiQmS35INgr85hdOGoEs124ez1FCnZJt6jau/T+alh58QFQ=="
    },
    "node_modules/lodash": {
      "version": "4.17.21",
      "resolved": "https://registry.npmjs.org/lodash/-/lodash-4.17.21.tgz",
      "integrity": "sha512-v2kDEe57lecTulaDIuNTPy3Ry4gLGJ6Z1O3vE1krgXZNrsQ+LFTGHVxVjcXPs17LhbZVGedAJv8XZ1tvj5FvSg=="
    },
    "node_modules/material-colors": {
      "version": "1.2.6",
      "resolved": "https://registry.npmjs.org/material-colors/-/material-colors-1.2.6.tgz",
      "integrity": "sha512-6qE4B9deFBIa9YSpOc9O0Sgc43zTeVYbgDT5veRKSlB2+ZuHNoVVxA1L/ckMUayV9Ay9y7Z/SZCLcGteW9i7bg=="
    },
    "node_modules/moment": {
      "version": "2.29.1",
      "resolved": "https://registry.npm.taobao.org/moment/download/moment-2.29.1.tgz",
      "integrity": "sha1-sr52n6MZQL6e7qZGnAdeNQBvo9M=",
      "engines": {
        "node": "*"
      }
    },
    "node_modules/regenerator-runtime": {
      "version": "0.13.9",
      "resolved": "https://registry.nlark.com/regenerator-runtime/download/regenerator-runtime-0.13.9.tgz?cache=0&sync_timestamp=1626993001371&other_urls=https%3A%2F%2Fregistry.nlark.com%2Fregenerator-runtime%2Fdownload%2Fregenerator-runtime-0.13.9.tgz",
      "integrity": "sha1-iSV0Kpj/2QgUmI11Zq0wyjsmO1I="
    },
    "node_modules/uview-ui": {
      "version": "1.8.4",
      "resolved": "https://registry.npmjs.org/uview-ui/-/uview-ui-1.8.4.tgz",
      "integrity": "sha512-Zr+D5dFdNy6CdHQLBEXeGq/w0LkjxzBtsgaaDwLl0P58g67H7fBBDvy6AzWK/k0c7dwPYMBiK7I4Tr9p92+0DA=="
    },
    "node_modules/vant": {
      "version": "3.2.0",
      "resolved": "https://registry.npmjs.org/vant/-/vant-3.2.0.tgz",
      "integrity": "sha512-byPCnTs+0/oxeKOVrGsNyzDnmLyNzv5hvGB7IA6Y+1LWKSbtf0Ll83ViO8dy/Qv0lpBJq2A2EcR3Swn5UweIvA==",
      "dependencies": {
        "@vant/icons": "^1.7.0",
        "@vant/lazyload": "^1.2.0",
        "@vant/popperjs": "^1.1.0",
        "@vant/use": "^1.3.0"
      },
      "peerDependencies": {
        "vue": "^3.0.0"
      }
    },
    "node_modules/watch-size": {
      "version": "2.0.0",
      "resolved": "https://registry.npmjs.org/watch-size/-/watch-size-2.0.0.tgz",
      "integrity": "sha512-M92R89dNoTPWyCD+HuUEDdhaDnh9jxPGOwlDc0u51jAgmjUvzqaEMynXSr3BaWs+QdHYk4KzibPy1TFtjLmOZQ=="
    }
  },
  "dependencies": {
    "@babel/runtime": {
      "version": "7.14.8",
      "resolved": "https://registry.nlark.com/@babel/runtime/download/@babel/runtime-7.14.8.tgz",
      "integrity": "sha1-cRmlb0IQGIUmlCkLn5FICXORtEY=",
      "requires": {
        "regenerator-runtime": "^0.13.4"
      }
    },
    "@popperjs/core": {
      "version": "2.9.3",
      "resolved": "https://registry.npmjs.org/@popperjs/core/-/core-2.9.3.tgz",
      "integrity": "sha512-xDu17cEfh7Kid/d95kB6tZsLOmSWKCZKtprnhVepjsSaCij+lM3mItSJDuuHDMbCWTh8Ejmebwb+KONcCJ0eXQ=="
    },
    "@riophae/vue-treeselect": {
      "version": "0.4.0",
      "resolved": "https://registry.npmjs.org/@riophae/vue-treeselect/-/vue-treeselect-0.4.0.tgz",
      "integrity": "sha512-J4atYmBqXQmiPFK/0B5sXKjtnGc21mBJEiyKIDZwk0Q9XuynVFX6IJ4EpaLmUgL5Tve7HAS7wkiGGSti6Uaxcg==",
      "requires": {
        "@babel/runtime": "^7.3.1",
        "babel-helper-vue-jsx-merge-props": "^2.0.3",
        "easings-css": "^1.0.0",
        "fuzzysearch": "^1.0.3",
        "is-promise": "^2.1.0",
        "lodash": "^4.0.0",
        "material-colors": "^1.2.6",
        "watch-size": "^2.0.0"
      }
    },
    "@types/acorn": {
      "version": "4.0.6",
      "resolved": "https://registry.nlark.com/@types/acorn/download/@types/acorn-4.0.6.tgz",
      "integrity": "sha1-1hylSAMArEGn2XPdW4TQpZEVSiI=",
      "requires": {
        "@types/estree": "*"
      }
    },
    "@types/estree": {
      "version": "0.0.41",
      "resolved": "https://registry.nlark.com/@types/estree/download/@types/estree-0.0.41.tgz",
      "integrity": "sha1-/ZB1QVC1dDK3K/VgUwUAWX/wRCE="
    },
    "@vant/icons": {
      "version": "1.7.0",
      "resolved": "https://registry.npmjs.org/@vant/icons/-/icons-1.7.0.tgz",
      "integrity": "sha512-sqKvtYcSgSd6+AU1nBPaZARn2Nzf8hi0ErLhfXVR6f+Y7R0gojGZVoxuB83yUI6+0LwbitW5IfN3E6qzEsu21Q=="
    },
    "@vant/lazyload": {
      "version": "1.2.0",
      "resolved": "https://registry.npmjs.org/@vant/lazyload/-/lazyload-1.2.0.tgz",
      "integrity": "sha512-QsqNm8nNat4z9TdrTI4YkDXZXgg3dbGhHf7tC4mhel+gJ0u2WZcoMYKWkzQXvO+vo395cByT5iUE5a72360B2Q=="
    },
    "@vant/popperjs": {
      "version": "1.1.0",
      "resolved": "https://registry.npmjs.org/@vant/popperjs/-/popperjs-1.1.0.tgz",
      "integrity": "sha512-8MD1gz146awV/uPxYjz4pet22f7a9YVKqk7T+gFkWFwT9mEcrIUEg/xPrdOnWKLP9puXyYtm7oVfSDSefZ/p/w==",
      "requires": {
        "@popperjs/core": "^2.9.2"
      }
    },
    "@vant/use": {
      "version": "1.3.0",
      "resolved": "https://registry.npmjs.org/@vant/use/-/use-1.3.0.tgz",
      "integrity": "sha512-VJ9/4i7Ta4HKoM1ytf/r2EW/A/PzEHjqMM2eJW8cf8+SMfe1bnusREFYNpIcWgNHsfJrL24oEH174kVHDHrBBA=="
    },
    "@vant/weapp": {
      "version": "1.8.2",
      "resolved": "https://registry.npmjs.org/@vant/weapp/-/weapp-1.8.2.tgz",
      "integrity": "sha512-1+2rMC2ql+Ueeeb3DhsBNVjmNyEp3wBIXhTn5ALMu5exJouCSe8ilIv8koU8HRT0PN0rZlhYAo6BxpYfDYV/dw=="
    },
    "acorn": {
      "version": "7.4.1",
      "resolved": "https://registry.nlark.com/acorn/download/acorn-7.4.1.tgz",
      "integrity": "sha1-/q7SVZc9LndVW4PbwIhRpsY1IPo="
    },
    "axios": {
      "version": "0.21.4",
      "resolved": "https://registry.npmjs.org/axios/-/axios-0.21.4.tgz",
      "integrity": "sha512-ut5vewkiu8jjGBdqpM44XxjuCjq9LAKeHVmoVfHVzy8eHgxxq8SbAVQNovDA8mVi05kP0Ea/n/UzcSHcTJQfNg==",
      "requires": {
        "follow-redirects": "^1.14.0"
      }
    },
    "babel-helper-vue-jsx-merge-props": {
      "version": "2.0.3",
      "resolved": "https://registry.npmjs.org/babel-helper-vue-jsx-merge-props/-/babel-helper-vue-jsx-merge-props-2.0.3.tgz",
      "integrity": "sha512-gsLiKK7Qrb7zYJNgiXKpXblxbV5ffSwR0f5whkPAaBAR4fhi6bwRZxX9wBlIc5M/v8CCkXUbXZL4N/nSE97cqg=="
    },
    "easings-css": {
      "version": "1.0.0",
      "resolved": "https://registry.npmjs.org/easings-css/-/easings-css-1.0.0.tgz",
      "integrity": "sha512-7Uq7NdazNfVtr0RNmPAys8it0zKCuaqxJStYKEl72D3j4gbvXhhaM7iWNbqhA4C94ygCye6VuyhzBRQC4szeBg=="
    },
    "eval5": {
      "version": "1.4.6",
      "resolved": "https://registry.nlark.com/eval5/download/eval5-1.4.6.tgz",
      "integrity": "sha1-2Uu5ELfFKq+kH1TMYEemlqkKsGU=",
      "requires": {
        "@babel/runtime": "^7.8.4",
        "@types/acorn": "^4.0.5",
        "@types/estree": "0.0.41",
        "acorn": "^7.1.0"
      }
    },
    "follow-redirects": {
      "version": "1.14.9",
      "resolved": "https://registry.npmmirror.com/follow-redirects/-/follow-redirects-1.14.9.tgz",
      "integrity": "sha512-MQDfihBQYMcyy5dhRDJUHcw7lb2Pv/TuE6xP1vyraLukNDHKbDxDNaOE3NbCAdKQApno+GPRyo1YAp89yCjK4w=="
    },
    "fuzzysearch": {
      "version": "1.0.3",
      "resolved": "https://registry.npmjs.org/fuzzysearch/-/fuzzysearch-1.0.3.tgz",
      "integrity": "sha1-3/yA9tawQiPyImqnndGUIxCW0Ag="
    },
    "is-promise": {
      "version": "2.2.2",
      "resolved": "https://registry.npmjs.org/is-promise/-/is-promise-2.2.2.tgz",
      "integrity": "sha512-+lP4/6lKUBfQjZ2pdxThZvLUAafmZb8OAxFb8XXtiQmS35INgr85hdOGoEs124ez1FCnZJt6jau/T+alh58QFQ=="
    },
    "lodash": {
      "version": "4.17.21",
      "resolved": "https://registry.npmjs.org/lodash/-/lodash-4.17.21.tgz",
      "integrity": "sha512-v2kDEe57lecTulaDIuNTPy3Ry4gLGJ6Z1O3vE1krgXZNrsQ+LFTGHVxVjcXPs17LhbZVGedAJv8XZ1tvj5FvSg=="
    },
    "material-colors": {
      "version": "1.2.6",
      "resolved": "https://registry.npmjs.org/material-colors/-/material-colors-1.2.6.tgz",
      "integrity": "sha512-6qE4B9deFBIa9YSpOc9O0Sgc43zTeVYbgDT5veRKSlB2+ZuHNoVVxA1L/ckMUayV9Ay9y7Z/SZCLcGteW9i7bg=="
    },
    "moment": {
      "version": "2.29.1",
      "resolved": "https://registry.npm.taobao.org/moment/download/moment-2.29.1.tgz",
      "integrity": "sha1-sr52n6MZQL6e7qZGnAdeNQBvo9M="
    },
    "regenerator-runtime": {
      "version": "0.13.9",
      "resolved": "https://registry.nlark.com/regenerator-runtime/download/regenerator-runtime-0.13.9.tgz?cache=0&sync_timestamp=1626993001371&other_urls=https%3A%2F%2Fregistry.nlark.com%2Fregenerator-runtime%2Fdownload%2Fregenerator-runtime-0.13.9.tgz",
      "integrity": "sha1-iSV0Kpj/2QgUmI11Zq0wyjsmO1I="
    },
    "uview-ui": {
      "version": "1.8.4",
      "resolved": "https://registry.npmjs.org/uview-ui/-/uview-ui-1.8.4.tgz",
      "integrity": "sha512-Zr+D5dFdNy6CdHQLBEXeGq/w0LkjxzBtsgaaDwLl0P58g67H7fBBDvy6AzWK/k0c7dwPYMBiK7I4Tr9p92+0DA=="
    },
    "vant": {
      "version": "3.2.0",
      "resolved": "https://registry.npmjs.org/vant/-/vant-3.2.0.tgz",
      "integrity": "sha512-byPCnTs+0/oxeKOVrGsNyzDnmLyNzv5hvGB7IA6Y+1LWKSbtf0Ll83ViO8dy/Qv0lpBJq2A2EcR3Swn5UweIvA==",
      "requires": {
        "@vant/icons": "^1.7.0",
        "@vant/lazyload": "^1.2.0",
        "@vant/popperjs": "^1.1.0",
        "@vant/use": "^1.3.0"
      }
    },
    "watch-size": {
      "version": "2.0.0",
      "resolved": "https://registry.npmjs.org/watch-size/-/watch-size-2.0.0.tgz",
      "integrity": "sha512-M92R89dNoTPWyCD+HuUEDdhaDnh9jxPGOwlDc0u51jAgmjUvzqaEMynXSr3BaWs+QdHYk4KzibPy1TFtjLmOZQ=="
    }
  }
}
